// !$*UTF8*$!
{
	archiveVersion = 1;
	classes = {
	};
	objectVersion = 46;
	objects = {

/* Begin PBXBuildFile section */
		3E75A9861742DBE700DA412D /* CustomPathImages in Resources */ = {isa = PBXBuildFile; fileRef = 3E75A9851742DBE700DA412D /* CustomPathImages */; };
		531041C1157EAC8F00BBABC3 /* ImageIO.framework in Frameworks */ = {isa = PBXBuildFile; fileRef = 537612E6155ABA44005750A4 /* ImageIO.framework */; };
		5376129A155AB74D005750A4 /* UIKit.framework in Frameworks */ = {isa = PBXBuildFile; fileRef = 53761299155AB74D005750A4 /* UIKit.framework */; };
		5376129C155AB74D005750A4 /* Foundation.framework in Frameworks */ = {isa = PBXBuildFile; fileRef = 5376129B155AB74D005750A4 /* Foundation.framework */; };
		5376129E155AB74D005750A4 /* CoreGraphics.framework in Frameworks */ = {isa = PBXBuildFile; fileRef = 5376129D155AB74D005750A4 /* CoreGraphics.framework */; };
		537612A6155AB74D005750A4 /* main.m in Sources */ = {isa = PBXBuildFile; fileRef = 537612A5155AB74D005750A4 /* main.m */; };
		537612AA155AB74D005750A4 /* AppDelegate.m in Sources */ = {isa = PBXBuildFile; fileRef = 537612A9155AB74D005750A4 /* AppDelegate.m */; };
		537612AD155AB74D005750A4 /* MasterViewController.m in Sources */ = {isa = PBXBuildFile; fileRef = 537612AC155AB74D005750A4 /* MasterViewController.m */; };
		537612B0155AB74D005750A4 /* DetailViewController.m in Sources */ = {isa = PBXBuildFile; fileRef = 537612AF155AB74D005750A4 /* DetailViewController.m */; };
		537612B3155AB74D005750A4 /* MasterViewController.xib in Resources */ = {isa = PBXBuildFile; fileRef = 537612B1155AB74D005750A4 /* MasterViewController.xib */; };
		537612B6155AB74D005750A4 /* DetailViewController.xib in Resources */ = {isa = PBXBuildFile; fileRef = 537612B4155AB74D005750A4 /* DetailViewController.xib */; };
		53A2B50D155B155A00B12423 /* placeholder.png in Resources */ = {isa = PBXBuildFile; fileRef = 53A2B50B155B155A00B12423 /* placeholder.png */; };
		53A2B50E155B155A00B12423 /* placeholder@2x.png in Resources */ = {isa = PBXBuildFile; fileRef = 53A2B50C155B155A00B12423 /* placeholder@2x.png */; };
		53EEC18916484553007601E1 /* Default-568h@2x.png in Resources */ = {isa = PBXBuildFile; fileRef = 53EEC18816484553007601E1 /* Default-568h@2x.png */; };
		DA248D44195470FD00390AB0 /* MapKit.framework in Frameworks */ = {isa = PBXBuildFile; fileRef = 537612E3155ABA3C005750A4 /* MapKit.framework */; };
		DA248D79195484A500390AB0 /* libSDWebImage+WebP.a in Frameworks */ = {isa = PBXBuildFile; fileRef = DA248D761954841D00390AB0 /* libSDWebImage+WebP.a */; };
		F4CEBA1D1D6C54330075C193 /* ONEWebImageManager.m in Sources */ = {isa = PBXBuildFile; fileRef = F4CEBA181D6C54330075C193 /* ONEWebImageManager.m */; };
		F4CEBA1E1D6C54330075C193 /* UIImageView+ONEWebCache.m in Sources */ = {isa = PBXBuildFile; fileRef = F4CEBA1A1D6C54330075C193 /* UIImageView+ONEWebCache.m */; };
		F4CEBA1F1D6C54330075C193 /* UIView+ONEWebChacheOperation.m in Sources */ = {isa = PBXBuildFile; fileRef = F4CEBA1C1D6C54330075C193 /* UIView+ONEWebChacheOperation.m */; };
		F4CEBA281D6C54800075C193 /* ONEWebImageCompat.m in Sources */ = {isa = PBXBuildFile; fileRef = F4CEBA271D6C54800075C193 /* ONEWebImageCompat.m */; };
		F4CEBA2B1D6C54A90075C193 /* ONEWebImageDownloader.m in Sources */ = {isa = PBXBuildFile; fileRef = F4CEBA2A1D6C54A90075C193 /* ONEWebImageDownloader.m */; };
		F4CEBA2E1D6C54CA0075C193 /* ONEWebImageOperation.m in Sources */ = {isa = PBXBuildFile; fileRef = F4CEBA2D1D6C54CA0075C193 /* ONEWebImageOperation.m */; };
		F4CEBA311D6C54E40075C193 /* ONEImageCache.m in Sources */ = {isa = PBXBuildFile; fileRef = F4CEBA301D6C54E40075C193 /* ONEImageCache.m */; };
		F4D7D3371D6C6F45002B49CF /* ONEWebImageDownloaderOperation.m in Sources */ = {isa = PBXBuildFile; fileRef = F4D7D3361D6C6F45002B49CF /* ONEWebImageDownloaderOperation.m */; };
		F4D7D3401D6C719A002B49CF /* UIImage+ForceDecode.m in Sources */ = {isa = PBXBuildFile; fileRef = F4D7D33F1D6C719A002B49CF /* UIImage+ForceDecode.m */; };
		F4D7D3431D6C71E3002B49CF /* ONEWebImagePrefetcher.m in Sources */ = {isa = PBXBuildFile; fileRef = F4D7D3421D6C71E3002B49CF /* ONEWebImagePrefetcher.m */; };
		F4D7D3461D6C7603002B49CF /* UIImageView+ONEHighlightedWebCache.m in Sources */ = {isa = PBXBuildFile; fileRef = F4D7D3451D6C7603002B49CF /* UIImageView+ONEHighlightedWebCache.m */; };
		F4D7D3491D6C76D1002B49CF /* UIImageView+ONEWebP.m in Sources */ = {isa = PBXBuildFile; fileRef = F4D7D3481D6C76D1002B49CF /* UIImageView+ONEWebP.m */; };
		F4D7D34F1D6C77B7002B49CF /* UIImage+ONEMultiFormat.m in Sources */ = {isa = PBXBuildFile; fileRef = F4D7D34E1D6C77B7002B49CF /* UIImage+ONEMultiFormat.m */; };
		F4D7D3521D6C77F1002B49CF /* UIImage+ONEGIF.m in Sources */ = {isa = PBXBuildFile; fileRef = F4D7D3511D6C77F1002B49CF /* UIImage+ONEGIF.m */; };
		F4D7D3551D6C7887002B49CF /* UIButton+ONEWebCache.m in Sources */ = {isa = PBXBuildFile; fileRef = F4D7D3541D6C7887002B49CF /* UIButton+ONEWebCache.m */; };
		F4D7D3581D6C7C6A002B49CF /* NSData+ONEImageContentType.m in Sources */ = {isa = PBXBuildFile; fileRef = F4D7D3571D6C7C6A002B49CF /* NSData+ONEImageContentType.m */; };
/* End PBXBuildFile section */

/* Begin PBXContainerItemProxy section */
		43A0FAAE1BDD16AC00B7582B /* PBXContainerItemProxy */ = {
			isa = PBXContainerItemProxy;
			containerPortal = DA248D6C1954841D00390AB0 /* SDWebImage.xcodeproj */;
			proxyType = 2;
			remoteGlobalIDString = 4A2CADFF1AB4BB5300B6BC39;
			remoteInfo = WebImage;
		};
		43AEAFA91D008FEE005B41A8 /* PBXContainerItemProxy */ = {
			isa = PBXContainerItemProxy;
			containerPortal = DA248D6C1954841D00390AB0 /* SDWebImage.xcodeproj */;
			proxyType = 2;
			remoteGlobalIDString = 00733A4C1BC487C000A5A117;
			remoteInfo = "WebImage tvOS";
		};
		DA248D731954841D00390AB0 /* PBXContainerItemProxy */ = {
			isa = PBXContainerItemProxy;
			containerPortal = DA248D6C1954841D00390AB0 /* SDWebImage.xcodeproj */;
			proxyType = 2;
			remoteGlobalIDString = 53761325155AD0D5005750A4;
			remoteInfo = SDWebImage;
		};
		DA248D751954841D00390AB0 /* PBXContainerItemProxy */ = {
			isa = PBXContainerItemProxy;
			containerPortal = DA248D6C1954841D00390AB0 /* SDWebImage.xcodeproj */;
			proxyType = 2;
			remoteGlobalIDString = 537D95C117ECC1FE0097C263;
			remoteInfo = "SDWebImage+WebP";
		};
		DA248D771954841D00390AB0 /* PBXContainerItemProxy */ = {
			isa = PBXContainerItemProxy;
			containerPortal = DA248D6C1954841D00390AB0 /* SDWebImage.xcodeproj */;
			proxyType = 2;
			remoteGlobalIDString = 531041E0157EAFA400BBABC3;
			remoteInfo = "SDWebImage+MKAnnotation";
		};
/* End PBXContainerItemProxy section */

/* Begin PBXFileReference section */
		3E75A9851742DBE700DA412D /* CustomPathImages */ = {isa = PBXFileReference; lastKnownFileType = folder; path = CustomPathImages; sourceTree = SOURCE_ROOT; };
		53761295155AB74D005750A4 /* SDWebImage Demo.app */ = {isa = PBXFileReference; explicitFileType = wrapper.application; includeInIndex = 0; path = "SDWebImage Demo.app"; sourceTree = BUILT_PRODUCTS_DIR; };
		53761299155AB74D005750A4 /* UIKit.framework */ = {isa = PBXFileReference; lastKnownFileType = wrapper.framework; name = UIKit.framework; path = System/Library/Frameworks/UIKit.framework; sourceTree = SDKROOT; };
		5376129B155AB74D005750A4 /* Foundation.framework */ = {isa = PBXFileReference; lastKnownFileType = wrapper.framework; name = Foundation.framework; path = System/Library/Frameworks/Foundation.framework; sourceTree = SDKROOT; };
		5376129D155AB74D005750A4 /* CoreGraphics.framework */ = {isa = PBXFileReference; lastKnownFileType = wrapper.framework; name = CoreGraphics.framework; path = System/Library/Frameworks/CoreGraphics.framework; sourceTree = SDKROOT; };
		537612A1155AB74D005750A4 /* SDWebImage Demo-Info.plist */ = {isa = PBXFileReference; lastKnownFileType = text.plist.xml; path = "SDWebImage Demo-Info.plist"; sourceTree = "<group>"; };
		537612A5155AB74D005750A4 /* main.m */ = {isa = PBXFileReference; lastKnownFileType = sourcecode.c.objc; path = main.m; sourceTree = "<group>"; };
		537612A7155AB74D005750A4 /* SDWebImage Demo-Prefix.pch */ = {isa = PBXFileReference; lastKnownFileType = sourcecode.c.h; path = "SDWebImage Demo-Prefix.pch"; sourceTree = "<group>"; };
		537612A8155AB74D005750A4 /* AppDelegate.h */ = {isa = PBXFileReference; lastKnownFileType = sourcecode.c.h; path = AppDelegate.h; sourceTree = "<group>"; };
		537612A9155AB74D005750A4 /* AppDelegate.m */ = {isa = PBXFileReference; lastKnownFileType = sourcecode.c.objc; path = AppDelegate.m; sourceTree = "<group>"; };
		537612AB155AB74D005750A4 /* MasterViewController.h */ = {isa = PBXFileReference; lastKnownFileType = sourcecode.c.h; path = MasterViewController.h; sourceTree = "<group>"; };
		537612AC155AB74D005750A4 /* MasterViewController.m */ = {isa = PBXFileReference; lastKnownFileType = sourcecode.c.objc; path = MasterViewController.m; sourceTree = "<group>"; };
		537612AE155AB74D005750A4 /* DetailViewController.h */ = {isa = PBXFileReference; lastKnownFileType = sourcecode.c.h; path = DetailViewController.h; sourceTree = "<group>"; };
		537612AF155AB74D005750A4 /* DetailViewController.m */ = {isa = PBXFileReference; lastKnownFileType = sourcecode.c.objc; path = DetailViewController.m; sourceTree = "<group>"; };
		537612B2155AB74D005750A4 /* en */ = {isa = PBXFileReference; lastKnownFileType = file.xib; name = en; path = en.lproj/MasterViewController.xib; sourceTree = "<group>"; };
		537612B5155AB74D005750A4 /* en */ = {isa = PBXFileReference; lastKnownFileType = file.xib; name = en; path = en.lproj/DetailViewController.xib; sourceTree = "<group>"; };
		537612E3155ABA3C005750A4 /* MapKit.framework */ = {isa = PBXFileReference; lastKnownFileType = wrapper.framework; name = MapKit.framework; path = System/Library/Frameworks/MapKit.framework; sourceTree = SDKROOT; };
		537612E6155ABA44005750A4 /* ImageIO.framework */ = {isa = PBXFileReference; lastKnownFileType = wrapper.framework; name = ImageIO.framework; path = System/Library/Frameworks/ImageIO.framework; sourceTree = SDKROOT; };
		53A2B50B155B155A00B12423 /* placeholder.png */ = {isa = PBXFileReference; lastKnownFileType = image.png; path = placeholder.png; sourceTree = "<group>"; };
		53A2B50C155B155A00B12423 /* placeholder@2x.png */ = {isa = PBXFileReference; lastKnownFileType = image.png; path = "placeholder@2x.png"; sourceTree = "<group>"; };
		53EEC18816484553007601E1 /* Default-568h@2x.png */ = {isa = PBXFileReference; lastKnownFileType = image.png; name = "Default-568h@2x.png"; path = "../Default-568h@2x.png"; sourceTree = "<group>"; };
		DA248D6C1954841D00390AB0 /* SDWebImage.xcodeproj */ = {isa = PBXFileReference; lastKnownFileType = "wrapper.pb-project"; name = SDWebImage.xcodeproj; path = ../SDWebImage.xcodeproj; sourceTree = "<group>"; };
		F4CEBA171D6C54330075C193 /* ONEWebImageManager.h */ = {isa = PBXFileReference; fileEncoding = 4; lastKnownFileType = sourcecode.c.h; path = ONEWebImageManager.h; sourceTree = "<group>"; };
		F4CEBA181D6C54330075C193 /* ONEWebImageManager.m */ = {isa = PBXFileReference; fileEncoding = 4; lastKnownFileType = sourcecode.c.objc; path = ONEWebImageManager.m; sourceTree = "<group>"; };
		F4CEBA191D6C54330075C193 /* UIImageView+ONEWebCache.h */ = {isa = PBXFileReference; fileEncoding = 4; lastKnownFileType = sourcecode.c.h; path = "UIImageView+ONEWebCache.h"; sourceTree = "<group>"; };
		F4CEBA1A1D6C54330075C193 /* UIImageView+ONEWebCache.m */ = {isa = PBXFileReference; fileEncoding = 4; lastKnownFileType = sourcecode.c.objc; path = "UIImageView+ONEWebCache.m"; sourceTree = "<group>"; };
		F4CEBA1B1D6C54330075C193 /* UIView+ONEWebChacheOperation.h */ = {isa = PBXFileReference; fileEncoding = 4; lastKnownFileType = sourcecode.c.h; path = "UIView+ONEWebChacheOperation.h"; sourceTree = "<group>"; };
		F4CEBA1C1D6C54330075C193 /* UIView+ONEWebChacheOperation.m */ = {isa = PBXFileReference; fileEncoding = 4; lastKnownFileType = sourcecode.c.objc; path = "UIView+ONEWebChacheOperation.m"; sourceTree = "<group>"; };
		F4CEBA261D6C54800075C193 /* ONEWebImageCompat.h */ = {isa = PBXFileReference; fileEncoding = 4; lastKnownFileType = sourcecode.c.h; path = ONEWebImageCompat.h; sourceTree = "<group>"; };
		F4CEBA271D6C54800075C193 /* ONEWebImageCompat.m */ = {isa = PBXFileReference; fileEncoding = 4; lastKnownFileType = sourcecode.c.objc; path = ONEWebImageCompat.m; sourceTree = "<group>"; };
		F4CEBA291D6C54A90075C193 /* ONEWebImageDownloader.h */ = {isa = PBXFileReference; fileEncoding = 4; lastKnownFileType = sourcecode.c.h; path = ONEWebImageDownloader.h; sourceTree = "<group>"; };
		F4CEBA2A1D6C54A90075C193 /* ONEWebImageDownloader.m */ = {isa = PBXFileReference; fileEncoding = 4; lastKnownFileType = sourcecode.c.objc; path = ONEWebImageDownloader.m; sourceTree = "<group>"; };
		F4CEBA2C1D6C54CA0075C193 /* ONEWebImageOperation.h */ = {isa = PBXFileReference; fileEncoding = 4; lastKnownFileType = sourcecode.c.h; path = ONEWebImageOperation.h; sourceTree = "<group>"; };
		F4CEBA2D1D6C54CA0075C193 /* ONEWebImageOperation.m */ = {isa = PBXFileReference; fileEncoding = 4; lastKnownFileType = sourcecode.c.objc; path = ONEWebImageOperation.m; sourceTree = "<group>"; };
		F4CEBA2F1D6C54E40075C193 /* ONEImageCache.h */ = {isa = PBXFileReference; fileEncoding = 4; lastKnownFileType = sourcecode.c.h; path = ONEImageCache.h; sourceTree = "<group>"; };
		F4CEBA301D6C54E40075C193 /* ONEImageCache.m */ = {isa = PBXFileReference; fileEncoding = 4; lastKnownFileType = sourcecode.c.objc; path = ONEImageCache.m; sourceTree = "<group>"; };
		F4D7D3351D6C6F45002B49CF /* ONEWebImageDownloaderOperation.h */ = {isa = PBXFileReference; fileEncoding = 4; lastKnownFileType = sourcecode.c.h; path = ONEWebImageDownloaderOperation.h; sourceTree = "<group>"; };
		F4D7D3361D6C6F45002B49CF /* ONEWebImageDownloaderOperation.m */ = {isa = PBXFileReference; fileEncoding = 4; lastKnownFileType = sourcecode.c.objc; path = ONEWebImageDownloaderOperation.m; sourceTree = "<group>"; };
		F4D7D33E1D6C719A002B49CF /* UIImage+ForceDecode.h */ = {isa = PBXFileReference; fileEncoding = 4; lastKnownFileType = sourcecode.c.h; path = "UIImage+ForceDecode.h"; sourceTree = "<group>"; };
		F4D7D33F1D6C719A002B49CF /* UIImage+ForceDecode.m */ = {isa = PBXFileReference; fileEncoding = 4; lastKnownFileType = sourcecode.c.objc; path = "UIImage+ForceDecode.m"; sourceTree = "<group>"; };
		F4D7D3411D6C71E3002B49CF /* ONEWebImagePrefetcher.h */ = {isa = PBXFileReference; fileEncoding = 4; lastKnownFileType = sourcecode.c.h; path = ONEWebImagePrefetcher.h; sourceTree = "<group>"; };
		F4D7D3421D6C71E3002B49CF /* ONEWebImagePrefetcher.m */ = {isa = PBXFileReference; fileEncoding = 4; lastKnownFileType = sourcecode.c.objc; path = ONEWebImagePrefetcher.m; sourceTree = "<group>"; };
		F4D7D3441D6C7603002B49CF /* UIImageView+ONEHighlightedWebCache.h */ = {isa = PBXFileReference; fileEncoding = 4; lastKnownFileType = sourcecode.c.h; path = "UIImageView+ONEHighlightedWebCache.h"; sourceTree = "<group>"; };
		F4D7D3451D6C7603002B49CF /* UIImageView+ONEHighlightedWebCache.m */ = {isa = PBXFileReference; fileEncoding = 4; lastKnownFileType = sourcecode.c.objc; path = "UIImageView+ONEHighlightedWebCache.m"; sourceTree = "<group>"; };
		F4D7D3471D6C76D1002B49CF /* UIImageView+ONEWebP.h */ = {isa = PBXFileReference; fileEncoding = 4; lastKnownFileType = sourcecode.c.h; path = "UIImageView+ONEWebP.h"; sourceTree = "<group>"; };
		F4D7D3481D6C76D1002B49CF /* UIImageView+ONEWebP.m */ = {isa = PBXFileReference; fileEncoding = 4; lastKnownFileType = sourcecode.c.objc; path = "UIImageView+ONEWebP.m"; sourceTree = "<group>"; };
		F4D7D34D1D6C77B7002B49CF /* UIImage+ONEMultiFormat.h */ = {isa = PBXFileReference; fileEncoding = 4; lastKnownFileType = sourcecode.c.h; path = "UIImage+ONEMultiFormat.h"; sourceTree = "<group>"; };
		F4D7D34E1D6C77B7002B49CF /* UIImage+ONEMultiFormat.m */ = {isa = PBXFileReference; fileEncoding = 4; lastKnownFileType = sourcecode.c.objc; path = "UIImage+ONEMultiFormat.m"; sourceTree = "<group>"; };
		F4D7D3501D6C77F1002B49CF /* UIImage+ONEGIF.h */ = {isa = PBXFileReference; fileEncoding = 4; lastKnownFileType = sourcecode.c.h; path = "UIImage+ONEGIF.h"; sourceTree = "<group>"; };
		F4D7D3511D6C77F1002B49CF /* UIImage+ONEGIF.m */ = {isa = PBXFileReference; fileEncoding = 4; lastKnownFileType = sourcecode.c.objc; path = "UIImage+ONEGIF.m"; sourceTree = "<group>"; };
		F4D7D3531D6C7887002B49CF /* UIButton+ONEWebCache.h */ = {isa = PBXFileReference; fileEncoding = 4; lastKnownFileType = sourcecode.c.h; path = "UIButton+ONEWebCache.h"; sourceTree = "<group>"; };
		F4D7D3541D6C7887002B49CF /* UIButton+ONEWebCache.m */ = {isa = PBXFileReference; fileEncoding = 4; lastKnownFileType = sourcecode.c.objc; path = "UIButton+ONEWebCache.m"; sourceTree = "<group>"; };
		F4D7D3561D6C7C6A002B49CF /* NSData+ONEImageContentType.h */ = {isa = PBXFileReference; fileEncoding = 4; lastKnownFileType = sourcecode.c.h; path = "NSData+ONEImageContentType.h"; sourceTree = "<group>"; };
		F4D7D3571D6C7C6A002B49CF /* NSData+ONEImageContentType.m */ = {isa = PBXFileReference; fileEncoding = 4; lastKnownFileType = sourcecode.c.objc; path = "NSData+ONEImageContentType.m"; sourceTree = "<group>"; };
/* End PBXFileReference section */

/* Begin PBXFrameworksBuildPhase section */
		53761292155AB74D005750A4 /* Frameworks */ = {
			isa = PBXFrameworksBuildPhase;
			buildActionMask = 2147483647;
			files = (
				DA248D79195484A500390AB0 /* libSDWebImage+WebP.a in Frameworks */,
				DA248D44195470FD00390AB0 /* MapKit.framework in Frameworks */,
				531041C1157EAC8F00BBABC3 /* ImageIO.framework in Frameworks */,
				5376129A155AB74D005750A4 /* UIKit.framework in Frameworks */,
				5376129C155AB74D005750A4 /* Foundation.framework in Frameworks */,
				5376129E155AB74D005750A4 /* CoreGraphics.framework in Frameworks */,
			);
			runOnlyForDeploymentPostprocessing = 0;
		};
/* End PBXFrameworksBuildPhase section */

/* Begin PBXGroup section */
		5376128A155AB74D005750A4 = {
			isa = PBXGroup;
			children = (
				F4CEBA161D6C54330075C193 /* ONEWebImage */,
				DA248D6C1954841D00390AB0 /* SDWebImage.xcodeproj */,
				5376129F155AB74D005750A4 /* SDWebImage Demo */,
				53761298155AB74D005750A4 /* Frameworks */,
				53761296155AB74D005750A4 /* Products */,
			);
			sourceTree = "<group>";
		};
		53761296155AB74D005750A4 /* Products */ = {
			isa = PBXGroup;
			children = (
				53761295155AB74D005750A4 /* SDWebImage Demo.app */,
			);
			name = Products;
			sourceTree = "<group>";
		};
		53761298155AB74D005750A4 /* Frameworks */ = {
			isa = PBXGroup;
			children = (
				537612E6155ABA44005750A4 /* ImageIO.framework */,
				537612E3155ABA3C005750A4 /* MapKit.framework */,
				53761299155AB74D005750A4 /* UIKit.framework */,
				5376129B155AB74D005750A4 /* Foundation.framework */,
				5376129D155AB74D005750A4 /* CoreGraphics.framework */,
			);
			name = Frameworks;
			sourceTree = "<group>";
		};
		5376129F155AB74D005750A4 /* SDWebImage Demo */ = {
			isa = PBXGroup;
			children = (
				3E75A9851742DBE700DA412D /* CustomPathImages */,
				537612A8155AB74D005750A4 /* AppDelegate.h */,
				537612A9155AB74D005750A4 /* AppDelegate.m */,
				537612AB155AB74D005750A4 /* MasterViewController.h */,
				537612AC155AB74D005750A4 /* MasterViewController.m */,
				537612AE155AB74D005750A4 /* DetailViewController.h */,
				537612AF155AB74D005750A4 /* DetailViewController.m */,
				537612B1155AB74D005750A4 /* MasterViewController.xib */,
				537612B4155AB74D005750A4 /* DetailViewController.xib */,
				537612A0155AB74D005750A4 /* Supporting Files */,
			);
			path = "SDWebImage Demo";
			sourceTree = "<group>";
		};
		537612A0155AB74D005750A4 /* Supporting Files */ = {
			isa = PBXGroup;
			children = (
				53EEC18816484553007601E1 /* Default-568h@2x.png */,
				537612A1155AB74D005750A4 /* SDWebImage Demo-Info.plist */,
				537612A5155AB74D005750A4 /* main.m */,
				537612A7155AB74D005750A4 /* SDWebImage Demo-Prefix.pch */,
				53A2B50B155B155A00B12423 /* placeholder.png */,
				53A2B50C155B155A00B12423 /* placeholder@2x.png */,
			);
			name = "Supporting Files";
			sourceTree = "<group>";
		};
		DA248D6D1954841D00390AB0 /* Products */ = {
			isa = PBXGroup;
			children = (
				DA248D741954841D00390AB0 /* libSDWebImage.a */,
				DA248D761954841D00390AB0 /* libSDWebImage+WebP.a */,
				DA248D781954841D00390AB0 /* libSDWebImage+MKAnnotation.a */,
				43A0FAAF1BDD16AC00B7582B /* WebImage.framework */,
				43AEAFAA1D008FEE005B41A8 /* WebImage.framework */,
			);
			name = Products;
			sourceTree = "<group>";
		};
		F4CEBA161D6C54330075C193 /* ONEWebImage */ = {
			isa = PBXGroup;
			children = (
				F4CEBA171D6C54330075C193 /* ONEWebImageManager.h */,
				F4CEBA181D6C54330075C193 /* ONEWebImageManager.m */,
				F4CEBA261D6C54800075C193 /* ONEWebImageCompat.h */,
				F4CEBA271D6C54800075C193 /* ONEWebImageCompat.m */,
				F4CEBA291D6C54A90075C193 /* ONEWebImageDownloader.h */,
				F4CEBA2A1D6C54A90075C193 /* ONEWebImageDownloader.m */,
				F4CEBA2C1D6C54CA0075C193 /* ONEWebImageOperation.h */,
				F4CEBA2D1D6C54CA0075C193 /* ONEWebImageOperation.m */,
				F4CEBA2F1D6C54E40075C193 /* ONEImageCache.h */,
				F4CEBA301D6C54E40075C193 /* ONEImageCache.m */,
				F4D7D3351D6C6F45002B49CF /* ONEWebImageDownloaderOperation.h */,
				F4D7D3361D6C6F45002B49CF /* ONEWebImageDownloaderOperation.m */,
				F4D7D3411D6C71E3002B49CF /* ONEWebImagePrefetcher.h */,
				F4D7D3421D6C71E3002B49CF /* ONEWebImagePrefetcher.m */,
				F4D7D3591D6C7D1E002B49CF /* Category */,
			);
			path = ONEWebImage;
			sourceTree = "<group>";
		};
		F4D7D3591D6C7D1E002B49CF /* Category */ = {
			isa = PBXGroup;
			children = (
				F4CEBA191D6C54330075C193 /* UIImageView+ONEWebCache.h */,
				F4CEBA1A1D6C54330075C193 /* UIImageView+ONEWebCache.m */,
				F4CEBA1B1D6C54330075C193 /* UIView+ONEWebChacheOperation.h */,
				F4CEBA1C1D6C54330075C193 /* UIView+ONEWebChacheOperation.m */,
				F4D7D33E1D6C719A002B49CF /* UIImage+ForceDecode.h */,
				F4D7D33F1D6C719A002B49CF /* UIImage+ForceDecode.m */,
				F4D7D3441D6C7603002B49CF /* UIImageView+ONEHighlightedWebCache.h */,
				F4D7D3451D6C7603002B49CF /* UIImageView+ONEHighlightedWebCache.m */,
				F4D7D3471D6C76D1002B49CF /* UIImageView+ONEWebP.h */,
				F4D7D3481D6C76D1002B49CF /* UIImageView+ONEWebP.m */,
				F4D7D34D1D6C77B7002B49CF /* UIImage+ONEMultiFormat.h */,
				F4D7D34E1D6C77B7002B49CF /* UIImage+ONEMultiFormat.m */,
				F4D7D3501D6C77F1002B49CF /* UIImage+ONEGIF.h */,
				F4D7D3511D6C77F1002B49CF /* UIImage+ONEGIF.m */,
				F4D7D3531D6C7887002B49CF /* UIButton+ONEWebCache.h */,
				F4D7D3541D6C7887002B49CF /* UIButton+ONEWebCache.m */,
				F4D7D3561D6C7C6A002B49CF /* NSData+ONEImageContentType.h */,
				F4D7D3571D6C7C6A002B49CF /* NSData+ONEImageContentType.m */,
			);
			name = Category;
			sourceTree = "<group>";
		};
/* End PBXGroup section */

/* Begin PBXNativeTarget section */
		53761294155AB74D005750A4 /* SDWebImage Demo */ = {
			isa = PBXNativeTarget;
			buildConfigurationList = 537612B9155AB74D005750A4 /* Build configuration list for PBXNativeTarget "SDWebImage Demo" */;
			buildPhases = (
				53761291155AB74D005750A4 /* Sources */,
				53761292155AB74D005750A4 /* Frameworks */,
				53761293155AB74D005750A4 /* Resources */,
			);
			buildRules = (
			);
			dependencies = (
			);
			name = "SDWebImage Demo";
			productName = "SDWebImage Demo";
			productReference = 53761295155AB74D005750A4 /* SDWebImage Demo.app */;
			productType = "com.apple.product-type.application";
		};
/* End PBXNativeTarget section */

/* Begin PBXProject section */
		5376128C155AB74D005750A4 /* Project object */ = {
			isa = PBXProject;
			attributes = {
				LastUpgradeCheck = 0710;
				ORGANIZATIONNAME = Dailymotion;
			};
			buildConfigurationList = 5376128F155AB74D005750A4 /* Build configuration list for PBXProject "SDWebImage Demo" */;
			compatibilityVersion = "Xcode 3.2";
			developmentRegion = English;
			hasScannedForEncodings = 0;
			knownRegions = (
				en,
			);
			mainGroup = 5376128A155AB74D005750A4;
			productRefGroup = 53761296155AB74D005750A4 /* Products */;
			projectDirPath = "";
			projectReferences = (
				{
					ProductGroup = DA248D6D1954841D00390AB0 /* Products */;
					ProjectRef = DA248D6C1954841D00390AB0 /* SDWebImage.xcodeproj */;
				},
			);
			projectRoot = "";
			targets = (
				53761294155AB74D005750A4 /* SDWebImage Demo */,
			);
		};
/* End PBXProject section */

/* Begin PBXReferenceProxy section */
		43A0FAAF1BDD16AC00B7582B /* WebImage.framework */ = {
			isa = PBXReferenceProxy;
			fileType = wrapper.framework;
			path = WebImage.framework;
			remoteRef = 43A0FAAE1BDD16AC00B7582B /* PBXContainerItemProxy */;
			sourceTree = BUILT_PRODUCTS_DIR;
		};
		43AEAFAA1D008FEE005B41A8 /* WebImage.framework */ = {
			isa = PBXReferenceProxy;
			fileType = wrapper.framework;
			path = WebImage.framework;
			remoteRef = 43AEAFA91D008FEE005B41A8 /* PBXContainerItemProxy */;
			sourceTree = BUILT_PRODUCTS_DIR;
		};
		DA248D741954841D00390AB0 /* libSDWebImage.a */ = {
			isa = PBXReferenceProxy;
			fileType = archive.ar;
			path = libSDWebImage.a;
			remoteRef = DA248D731954841D00390AB0 /* PBXContainerItemProxy */;
			sourceTree = BUILT_PRODUCTS_DIR;
		};
		DA248D761954841D00390AB0 /* libSDWebImage+WebP.a */ = {
			isa = PBXReferenceProxy;
			fileType = archive.ar;
			path = "libSDWebImage+WebP.a";
			remoteRef = DA248D751954841D00390AB0 /* PBXContainerItemProxy */;
			sourceTree = BUILT_PRODUCTS_DIR;
		};
		DA248D781954841D00390AB0 /* libSDWebImage+MKAnnotation.a */ = {
			isa = PBXReferenceProxy;
			fileType = archive.ar;
			path = "libSDWebImage+MKAnnotation.a";
			remoteRef = DA248D771954841D00390AB0 /* PBXContainerItemProxy */;
			sourceTree = BUILT_PRODUCTS_DIR;
		};
/* End PBXReferenceProxy section */

/* Begin PBXResourcesBuildPhase section */
		53761293155AB74D005750A4 /* Resources */ = {
			isa = PBXResourcesBuildPhase;
			buildActionMask = 2147483647;
			files = (
				537612B3155AB74D005750A4 /* MasterViewController.xib in Resources */,
				537612B6155AB74D005750A4 /* DetailViewController.xib in Resources */,
				53A2B50D155B155A00B12423 /* placeholder.png in Resources */,
				53A2B50E155B155A00B12423 /* placeholder@2x.png in Resources */,
				53EEC18916484553007601E1 /* Default-568h@2x.png in Resources */,
				3E75A9861742DBE700DA412D /* CustomPathImages in Resources */,
			);
			runOnlyForDeploymentPostprocessing = 0;
		};
/* End PBXResourcesBuildPhase section */

/* Begin PBXSourcesBuildPhase section */
		53761291155AB74D005750A4 /* Sources */ = {
			isa = PBXSourcesBuildPhase;
			buildActionMask = 2147483647;
			files = (
				F4D7D3371D6C6F45002B49CF /* ONEWebImageDownloaderOperation.m in Sources */,
				F4D7D3431D6C71E3002B49CF /* ONEWebImagePrefetcher.m in Sources */,
				F4CEBA1F1D6C54330075C193 /* UIView+ONEWebChacheOperation.m in Sources */,
				F4D7D3521D6C77F1002B49CF /* UIImage+ONEGIF.m in Sources */,
				F4D7D3461D6C7603002B49CF /* UIImageView+ONEHighlightedWebCache.m in Sources */,
				F4D7D34F1D6C77B7002B49CF /* UIImage+ONEMultiFormat.m in Sources */,
				537612A6155AB74D005750A4 /* main.m in Sources */,
				F4CEBA2B1D6C54A90075C193 /* ONEWebImageDownloader.m in Sources */,
				537612AA155AB74D005750A4 /* AppDelegate.m in Sources */,
				F4D7D3491D6C76D1002B49CF /* UIImageView+ONEWebP.m in Sources */,
				F4CEBA1D1D6C54330075C193 /* ONEWebImageManager.m in Sources */,
				537612AD155AB74D005750A4 /* MasterViewController.m in Sources */,
				F4CEBA281D6C54800075C193 /* ONEWebImageCompat.m in Sources */,
				F4CEBA2E1D6C54CA0075C193 /* ONEWebImageOperation.m in Sources */,
				F4CEBA311D6C54E40075C193 /* ONEImageCache.m in Sources */,
				537612B0155AB74D005750A4 /* DetailViewController.m in Sources */,
				F4D7D3551D6C7887002B49CF /* UIButton+ONEWebCache.m in Sources */,
				F4CEBA1E1D6C54330075C193 /* UIImageView+ONEWebCache.m in Sources */,
				F4D7D3401D6C719A002B49CF /* UIImage+ForceDecode.m in Sources */,
				F4D7D3581D6C7C6A002B49CF /* NSData+ONEImageContentType.m in Sources */,
			);
			runOnlyForDeploymentPostprocessing = 0;
		};
/* End PBXSourcesBuildPhase section */

/* Begin PBXVariantGroup section */
		537612B1155AB74D005750A4 /* MasterViewController.xib */ = {
			isa = PBXVariantGroup;
			children = (
				537612B2155AB74D005750A4 /* en */,
			);
			name = MasterViewController.xib;
			sourceTree = "<group>";
		};
		537612B4155AB74D005750A4 /* DetailViewController.xib */ = {
			isa = PBXVariantGroup;
			children = (
				537612B5155AB74D005750A4 /* en */,
			);
			name = DetailViewController.xib;
			sourceTree = "<group>";
		};
/* End PBXVariantGroup section */

/* Begin XCBuildConfiguration section */
		537612B7155AB74D005750A4 /* Debug */ = {
			isa = XCBuildConfiguration;
			buildSettings = {
				ALWAYS_SEARCH_USER_PATHS = NO;
				CLANG_ENABLE_OBJC_ARC = YES;
				"CODE_SIGN_IDENTITY[sdk=iphoneos*]" = "iPhone Developer";
				COPY_PHASE_STRIP = NO;
				ENABLE_TESTABILITY = YES;
				GCC_C_LANGUAGE_STANDARD = "compiler-default";
				GCC_DYNAMIC_NO_PIC = NO;
				GCC_OPTIMIZATION_LEVEL = 0;
				GCC_PREPROCESSOR_DEFINITIONS = (
					"DEBUG=1",
					"$(inherited)",
				);
				GCC_SYMBOLS_PRIVATE_EXTERN = NO;
				GCC_VERSION = "";
				GCC_WARN_ABOUT_RETURN_TYPE = YES;
				GCC_WARN_UNINITIALIZED_AUTOS = YES;
				GCC_WARN_UNUSED_VARIABLE = YES;
				IPHONEOS_DEPLOYMENT_TARGET = 7.0;
				ONLY_ACTIVE_ARCH = YES;
				SDKROOT = iphoneos;
			};
			name = Debug;
		};
		537612B8155AB74D005750A4 /* Release */ = {
			isa = XCBuildConfiguration;
			buildSettings = {
				ALWAYS_SEARCH_USER_PATHS = NO;
				CLANG_ENABLE_OBJC_ARC = YES;
				"CODE_SIGN_IDENTITY[sdk=iphoneos*]" = "iPhone Developer";
				COPY_PHASE_STRIP = YES;
				GCC_C_LANGUAGE_STANDARD = "compiler-default";
				GCC_VERSION = "";
				GCC_WARN_ABOUT_RETURN_TYPE = YES;
				GCC_WARN_UNINITIALIZED_AUTOS = YES;
				GCC_WARN_UNUSED_VARIABLE = YES;
				IPHONEOS_DEPLOYMENT_TARGET = 7.0;
				OTHER_CFLAGS = "-DNS_BLOCK_ASSERTIONS=1";
				SDKROOT = iphoneos;
				VALIDATE_PRODUCT = YES;
			};
			name = Release;
		};
		537612BA155AB74D005750A4 /* Debug */ = {
			isa = XCBuildConfiguration;
			buildSettings = {
				FRAMEWORK_SEARCH_PATHS = (
					"$(inherited)",
					"\"$(SRCROOT)\"",
				);
				GCC_PRECOMPILE_PREFIX_HEADER = YES;
				GCC_PREFIX_HEADER = "SDWebImage Demo/SDWebImage Demo-Prefix.pch";
				GCC_PREPROCESSOR_DEFINITIONS = "DEBUG=1";
				HEADER_SEARCH_PATHS = (
					"\"$(OBJROOT)/UninstalledProducts/include\"",
					"\"$(TARGET_BUILD_DIR)/usr/local/lib/include\"",
				);
				INFOPLIST_FILE = "SDWebImage Demo/SDWebImage Demo-Info.plist";
				OTHER_CFLAGS = "";
				OTHER_LDFLAGS = "-ObjC";
				PRODUCT_BUNDLE_IDENTIFIER = "com.dailymotion.${PRODUCT_NAME:rfc1034identifier}";
				PRODUCT_NAME = "$(TARGET_NAME)";
				WRAPPER_EXTENSION = app;
			};
			name = Debug;
		};
		537612BB155AB74D005750A4 /* Release */ = {
			isa = XCBuildConfiguration;
			buildSettings = {
				FRAMEWORK_SEARCH_PATHS = (
					"$(inherited)",
					"\"$(SRCROOT)\"",
				);
				GCC_PRECOMPILE_PREFIX_HEADER = YES;
				GCC_PREFIX_HEADER = "SDWebImage Demo/SDWebImage Demo-Prefix.pch";
				GCC_PREPROCESSOR_DEFINITIONS = "";
				HEADER_SEARCH_PATHS = (
					"\"$(OBJROOT)/UninstalledProducts/include\"",
					"\"$(TARGET_BUILD_DIR)/usr/local/lib/include\"",
				);
				INFOPLIST_FILE = "SDWebImage Demo/SDWebImage Demo-Info.plist";
				OTHER_LDFLAGS = "-ObjC";
				PRODUCT_BUNDLE_IDENTIFIER = "com.dailymotion.${PRODUCT_NAME:rfc1034identifier}";
				PRODUCT_NAME = "$(TARGET_NAME)";
				WRAPPER_EXTENSION = app;
			};
			name = Release;
		};
/* End XCBuildConfiguration section */

/* Begin XCConfigurationList section */
		5376128F155AB74D005750A4 /* Build configuration list for PBXProject "SDWebImage Demo" */ = {
			isa = XCConfigurationList;
			buildConfigurations = (
				537612B7155AB74D005750A4 /* Debug */,
				537612B8155AB74D005750A4 /* Release */,
			);
			defaultConfigurationIsVisible = 0;
			defaultConfigurationName = Release;
		};
		537612B9155AB74D005750A4 /* Build configuration list for PBXNativeTarget "SDWebImage Demo" */ = {
			isa = XCConfigurationList;
			buildConfigurations = (
				537612BA155AB74D005750A4 /* Debug */,
				537612BB155AB74D005750A4 /* Release */,
			);
			defaultConfigurationIsVisible = 0;
			defaultConfigurationName = Release;
		};
/* End XCConfigurationList section */
	};
	rootObject = 5376128C155AB74D005750A4 /* Project object */;
}
